{
  "nodes": {
    "caelestia-cli": {
      "inputs": {
        "caelestia-shell": [],
        "nixpkgs": [
          "nixpkgs"
        ]
      },
      "locked": {
        "lastModified": 1787985728,
        "narHash": "sha256-qKYq/NmpxLKn2ZcxNUGx7PgVlmxW833xKZ3Hngvvnro=",
        "owner": "caelestia-dots",
        "repo": "cli",
        "rev": "56f404c61dff30d698961780aefcf48bd4dd7b86",
        "type": "github"
      },
      "original": {
        "owner": "caelestia-dots",
        "repo": "cli",
        "type": "github"
      }
    },
    "m3shapes": {
      "inputs": {
        "nixpkgs": [
          "nixpkgs"
        ]
      },
      "locked": {
        "lastModified": 1787906858,
        "narHash": "sha256-YZelgEZflFNwGutX4/tIzBdbOeghJgE2oDw0uWYGxns=",
        "owner": "soramanew",
        "repo": "m3shapes",
        "rev": "32ad9ce328bb77ed349b40a3be10ee9ea610b8ab",
        "type": "github"
      },
      "original": {
        "owner": "soramanew",
        "repo": "m3shapes",
        "rev": "32ad9ce328bb77ed349b40a3be10ee9ea610b8ab",
        "type": "github"
      }
    },
    "nixpkgs": {
      "locked": {
        "lastModified": 1787900134,
        "narHash": "sha256-VYXO0XZlgj06dxJZRhrD3WoSsvq/c7+/Akyoa22pefw=",
        "owner": "nixos",
        "repo": "nixpkgs",
        "rev": "83199d0d373dd3ac2b9a1996b1d0263f76ab7a4c",
        "type": "github"
      },
      "original": {
        "owner": "nixos",
        "ref": "nixos-unstable",
        "repo": "nixpkgs",
        "type": "github"
      }
    },
    "quickshell": {
      "inputs": {
        "nixpkgs": [
          "nixpkgs"
        ]
      },
      "locked": {
        "lastModified": 1787994703,
        "narHash": "sha256-6SUZyyALo19heYPa/Xmu2H4zV+wvdfVX4fTcqbgHRnI=",
        "ref": "refs/heads/master",
        "rev": "2d3b3e9c70ef380dff751b61d334dc88df016c29",
        "revCount": 856,
        "type": "git",
        "url": "https://git.outfoxxed.me/outfoxxed/quickshell"
      },
      "original": {
        "type": "git",
        "url": "https://git.outfoxxed.me/outfoxxed/quickshell"
      }
    },
    "root": {
      "inputs": {
        "caelestia-cli": "caelestia-cli",
        "m3shapes": "m3shapes",
        "nixpkgs": "nixpkgs",
        "quickshell": "quickshell"
      }
    }
  },
  "root": "root",
  "version": 7
}
